
Microsoft Visual Studio Solution File, Format Version 12.00
# Visual Studio 14
VisualStudioVersion = 14.0.23107.0
MinimumVisualStudioVersion = 10.0.40219.1
Project("{FAE04EC0-301F-11D3-BF4B-00C04F79EFBC}") = "UdpMulticastUnitTest", "UdpMulticastUnitTest\UdpMulticastUnitTest.csproj", "{55041FC3-ADED-458D-8811-7C54ED9D9CB4}"
EndProject
Project("{FAE04EC0-301F-11D3-BF4B-00C04F79EFBC}") = "UdpMulticast", "UdpMulticast\UdpMulticast.csproj", "{3EC80F75-3F63-47A8-B18A-F0B1B396B7AF}"
EndProject
Global
	GlobalSection(SolutionConfigurationPlatforms) = preSolution
		Debug|Any CPU = Debug|Any CPU
		Release|Any CPU = Release|Any CPU
	EndGlobalSection
	GlobalSection(ProjectConfigurationPlatforms) = postSolution
		{55041FC3-ADED-458D-8811-7C54ED9D9CB4}.Debug|Any CPU.ActiveCfg = Debug|Any CPU
		{55041FC3-ADED-458D-8811-7C54ED9D9CB4}.Debug|Any CPU.Build.0 = Debug|Any CPU
		{55041FC3-ADED-458D-8811-7C54ED9D9CB4}.Release|Any CPU.ActiveCfg = Release|Any CPU
		{55041FC3-ADED-458D-8811-7C54ED9D9CB4}.Release|Any CPU.Build.0 = Release|Any CPU
		{3EC80F75-3F63-47A8-B18A-F0B1B396B7AF}.Debug|Any CPU.ActiveCfg = Debug|Any CPU
		{3EC80F75-3F63-47A8-B18A-F0B1B396B7AF}.Debug|Any CPU.Build.0 = Debug|Any CPU
		{3EC80F75-3F63-47A8-B18A-F0B1B396B7AF}.Release|Any CPU.ActiveCfg = Release|Any CPU
		{3EC80F75-3F63-47A8-B18A-F0B1B396B7AF}.Release|Any CPU.Build.0 = Release|Any CPU
	EndGlobalSection
	GlobalSection(SolutionProperties) = preSolution
		HideSolutionNode = FALSE
	EndGlobalSection
EndGlobal
